
Microsoft Visual Studio Solution File, Format Version 12.00
# Visual Studio Version 16
VisualStudioVersion = 16.0.31313.79
MinimumVisualStudioVersion = 10.0.40219.1
Project("{9A19103F-16F7-4668-BE54-9A1E7A4F7556}") = "Schneider.Minesweeper.Console", "Schneider.Minesweeper.Console\Schneider.Minesweeper.Console.csproj", "{DC9CA34E-97F4-4CF7-A1EB-A8C9AFDB1B2A}"
EndProject
Project("{2150E333-8FDC-42A3-9474-1A3956D46DE8}") = "src", "src", "{D5C9F92E-9AD6-435F-80BB-650551110D3F}"
EndProject
Project("{2150E333-8FDC-42A3-9474-1A3956D46DE8}") = "test", "test", "{2E6565FD-495C-4420-9421-6DA41D7D1844}"
EndProject
Project("{9A19103F-16F7-4668-BE54-9A1E7A4F7556}") = "Schneider.Minesweeper.Model", "Schneider.Minesweeper.Model\Schneider.Minesweeper.Model.csproj", "{323F4F34-DE19-4E2F-8B36-C4434F6E7006}"
EndProject
Project("{9A19103F-16F7-4668-BE54-9A1E7A4F7556}") = "Schneider.Minesweeper.Repository", "Schneider.Minesweeper.Repository\Schneider.Minesweeper.Repository.csproj", "{08B4CB0D-6951-4EBB-AEE2-5932A5A79CBA}"
EndProject
Project("{9A19103F-16F7-4668-BE54-9A1E7A4F7556}") = "Schneider.Minesweeper.Core", "Schneider.Minesweeper.Core\Schneider.Minesweeper.Core.csproj", "{101C8406-610C-47AE-9FFD-A22F396E22F8}"
EndProject
Project("{FAE04EC0-301F-11D3-BF4B-00C04F79EFBC}") = "Schneider.Minesweeper.Core.Tests", "Schneider.Minesweeper.Core.Tests\Schneider.Minesweeper.Core.Tests.csproj", "{4C7000AE-EA19-4FCF-A3B7-C15AD22187D0}"
EndProject
Project("{FAE04EC0-301F-11D3-BF4B-00C04F79EFBC}") = "Schneider.Minesweeper.Repository.Tests", "Schneider.Minesweeper.Repository.Tests\Schneider.Minesweeper.Repository.Tests.csproj", "{B90A9EE0-281A-4C79-90DB-39FA1699C91F}"
EndProject
Project("{FAE04EC0-301F-11D3-BF4B-00C04F79EFBC}") = "Schneider.Minesweeper.Model.Tests", "Schneider.Minesweeper.Model.Tests\Schneider.Minesweeper.Model.Tests.csproj", "{92CFE590-C731-4726-8E7C-F8BA3B18EA6B}"
EndProject
Global
	GlobalSection(SolutionConfigurationPlatforms) = preSolution
		Debug|Any CPU = Debug|Any CPU
		Release|Any CPU = Release|Any CPU
	EndGlobalSection
	GlobalSection(ProjectConfigurationPlatforms) = postSolution
		{DC9CA34E-97F4-4CF7-A1EB-A8C9AFDB1B2A}.Debug|Any CPU.ActiveCfg = Debug|Any CPU
		{DC9CA34E-97F4-4CF7-A1EB-A8C9AFDB1B2A}.Debug|Any CPU.Build.0 = Debug|Any CPU
		{DC9CA34E-97F4-4CF7-A1EB-A8C9AFDB1B2A}.Release|Any CPU.ActiveCfg = Release|Any CPU
		{DC9CA34E-97F4-4CF7-A1EB-A8C9AFDB1B2A}.Release|Any CPU.Build.0 = Release|Any CPU
		{323F4F34-DE19-4E2F-8B36-C4434F6E7006}.Debug|Any CPU.ActiveCfg = Debug|Any CPU
		{323F4F34-DE19-4E2F-8B36-C4434F6E7006}.Debug|Any CPU.Build.0 = Debug|Any CPU
		{323F4F34-DE19-4E2F-8B36-C4434F6E7006}.Release|Any CPU.ActiveCfg = Release|Any CPU
		{323F4F34-DE19-4E2F-8B36-C4434F6E7006}.Release|Any CPU.Build.0 = Release|Any CPU
		{08B4CB0D-6951-4EBB-AEE2-5932A5A79CBA}.Debug|Any CPU.ActiveCfg = Debug|Any CPU
		{08B4CB0D-6951-4EBB-AEE2-5932A5A79CBA}.Debug|Any CPU.Build.0 = Debug|Any CPU
		{08B4CB0D-6951-4EBB-AEE2-5932A5A79CBA}.Release|Any CPU.ActiveCfg = Release|Any CPU
		{08B4CB0D-6951-4EBB-AEE2-5932A5A79CBA}.Release|Any CPU.Build.0 = Release|Any CPU
		{101C8406-610C-47AE-9FFD-A22F396E22F8}.Debug|Any CPU.ActiveCfg = Debug|Any CPU
		{101C8406-610C-47AE-9FFD-A22F396E22F8}.Debug|Any CPU.Build.0 = Debug|Any CPU
		{101C8406-610C-47AE-9FFD-A22F396E22F8}.Release|Any CPU.ActiveCfg = Release|Any CPU
		{101C8406-610C-47AE-9FFD-A22F396E22F8}.Release|Any CPU.Build.0 = Release|Any CPU
		{4C7000AE-EA19-4FCF-A3B7-C15AD22187D0}.Debug|Any CPU.ActiveCfg = Debug|Any CPU
		{4C7000AE-EA19-4FCF-A3B7-C15AD22187D0}.Debug|Any CPU.Build.0 = Debug|Any CPU
		{4C7000AE-EA19-4FCF-A3B7-C15AD22187D0}.Release|Any CPU.ActiveCfg = Release|Any CPU
		{4C7000AE-EA19-4FCF-A3B7-C15AD22187D0}.Release|Any CPU.Build.0 = Release|Any CPU
		{B90A9EE0-281A-4C79-90DB-39FA1699C91F}.Debug|Any CPU.ActiveCfg = Debug|Any CPU
		{B90A9EE0-281A-4C79-90DB-39FA1699C91F}.Debug|Any CPU.Build.0 = Debug|Any CPU
		{B90A9EE0-281A-4C79-90DB-39FA1699C91F}.Release|Any CPU.ActiveCfg = Release|Any CPU
		{B90A9EE0-281A-4C79-90DB-39FA1699C91F}.Release|Any CPU.Build.0 = Release|Any CPU
		{92CFE590-C731-4726-8E7C-F8BA3B18EA6B}.Debug|Any CPU.ActiveCfg = Debug|Any CPU
		{92CFE590-C731-4726-8E7C-F8BA3B18EA6B}.Debug|Any CPU.Build.0 = Debug|Any CPU
		{92CFE590-C731-4726-8E7C-F8BA3B18EA6B}.Release|Any CPU.ActiveCfg = Release|Any CPU
		{92CFE590-C731-4726-8E7C-F8BA3B18EA6B}.Release|Any CPU.Build.0 = Release|Any CPU
	EndGlobalSection
	GlobalSection(SolutionProperties) = preSolution
		HideSolutionNode = FALSE
	EndGlobalSection
	GlobalSection(NestedProjects) = preSolution
		{DC9CA34E-97F4-4CF7-A1EB-A8C9AFDB1B2A} = {D5C9F92E-9AD6-435F-80BB-650551110D3F}
		{323F4F34-DE19-4E2F-8B36-C4434F6E7006} = {D5C9F92E-9AD6-435F-80BB-650551110D3F}
		{08B4CB0D-6951-4EBB-AEE2-5932A5A79CBA} = {D5C9F92E-9AD6-435F-80BB-650551110D3F}
		{101C8406-610C-47AE-9FFD-A22F396E22F8} = {D5C9F92E-9AD6-435F-80BB-650551110D3F}
		{4C7000AE-EA19-4FCF-A3B7-C15AD22187D0} = {2E6565FD-495C-4420-9421-6DA41D7D1844}
		{B90A9EE0-281A-4C79-90DB-39FA1699C91F} = {2E6565FD-495C-4420-9421-6DA41D7D1844}
		{92CFE590-C731-4726-8E7C-F8BA3B18EA6B} = {2E6565FD-495C-4420-9421-6DA41D7D1844}
	EndGlobalSection
	GlobalSection(ExtensibilityGlobals) = postSolution
		SolutionGuid = {1877B060-1CD0-4234-86C7-69A7189A28DD}
	EndGlobalSection
EndGlobal
